
Microsoft Visual Studio Solution File, Format Version 12.00
# Visual Studio 15
VisualStudioVersion = 15.0.26228.10
MinimumVisualStudioVersion = 10.0.40219.1
Project("{FAE04EC0-301F-11D3-BF4B-00C04F79EFBC}") = "TEK.ORM.Framework.App", "SourceCode\TEK.ORM.Framework.App\TEK.ORM.Framework.App.csproj", "{B0BBD4CC-F61F-4DC8-A871-20B982BAF780}"
EndProject
Project("{FAE04EC0-301F-11D3-BF4B-00C04F79EFBC}") = "TEK.ORM.Framework.Entity", "SourceCode\TEK.ORM.Framework.Entity\TEK.ORM.Framework.Entity.csproj", "{372A0FAF-DB5C-443F-8F4F-1E9695A05CD9}"
EndProject
Project("{FAE04EC0-301F-11D3-BF4B-00C04F79EFBC}") = "TEK.ORM.Framework.IoC", "SourceCode\TEK.ORM.Framework.IoC\TEK.ORM.Framework.IoC.csproj", "{0461BF3E-EB8A-4F64-852C-DD94CB5E360D}"
EndProject
Project("{FAE04EC0-301F-11D3-BF4B-00C04F79EFBC}") = "TEK.ORM.Framework.BusinessLogic", "SourceCode\TEK.ORM.Framework.BusinessLogic\TEK.ORM.Framework.BusinessLogic.csproj", "{E2ED3BFE-FEC9-4338-AFB1-EBDF69D1E655}"
EndProject
Project("{FAE04EC0-301F-11D3-BF4B-00C04F79EFBC}") = "TEK.ORM.Framework.BusinessLogic.Contract", "SourceCode\TEK.ORM.Framework.BusinessLogic.Contract\TEK.ORM.Framework.BusinessLogic.Contract.csproj", "{A345B33D-31BA-4D17-80BF-7C2EA07D574B}"
EndProject
Project("{FAE04EC0-301F-11D3-BF4B-00C04F79EFBC}") = "TEK.ORM.Framework.ResourceAccess.EF", "SourceCode\TEK.ORM.Framework.ResourceAccess.EF\TEK.ORM.Framework.ResourceAccess.EF.csproj", "{67BD8926-7DBE-464E-8E1E-BD09A4060DCA}"
EndProject
Project("{FAE04EC0-301F-11D3-BF4B-00C04F79EFBC}") = "TEK.ORM.Framework.ResourceAccess.Contract", "SourceCode\TEK.ORM.Framework.ResourceAccess.Contract\TEK.ORM.Framework.ResourceAccess.Contract.csproj", "{2937048F-C947-4894-AB81-2DE3BB2889FF}"
EndProject
Project("{2150E333-8FDC-42A3-9474-1A3956D46DE8}") = "SourceCode", "SourceCode", "{D0B58083-1A07-4B29-8EED-0E81F9B7611F}"
EndProject
Project("{2150E333-8FDC-42A3-9474-1A3956D46DE8}") = "Tests", "Tests", "{2DCC055B-E4DF-480C-9CBE-3634DA774CFF}"
EndProject
Project("{FAE04EC0-301F-11D3-BF4B-00C04F79EFBC}") = "TEK.ORM.Framework.ResourceAccess.EF.UnitTest", "Tests\TEK.ORM.Framework.ResourceAccess.EF.UnitTest\TEK.ORM.Framework.ResourceAccess.EF.UnitTest.csproj", "{4A788B15-B078-49C0-B165-3FCF342EC447}"
EndProject
Project("{FAE04EC0-301F-11D3-BF4B-00C04F79EFBC}") = "TEK.ORM.Framework.ResourceAccess.NH", "SourceCode\TEK.ORM.Framework.ResourceAccess.NH\TEK.ORM.Framework.ResourceAccess.NH.csproj", "{D692E2D4-E294-4DE0-8A62-8201ED33AA46}"
EndProject
Project("{FAE04EC0-301F-11D3-BF4B-00C04F79EFBC}") = "TEK.ORM.Framework.WebApi", "SourceCode\TEK.ORM.Framework.WebApi\TEK.ORM.Framework.WebApi.csproj", "{CB49C093-CA12-4F42-B4E3-D31FAF74C0F7}"
EndProject
Global
	GlobalSection(SolutionConfigurationPlatforms) = preSolution
		Debug|Any CPU = Debug|Any CPU
		Release|Any CPU = Release|Any CPU
	EndGlobalSection
	GlobalSection(ProjectConfigurationPlatforms) = postSolution
		{B0BBD4CC-F61F-4DC8-A871-20B982BAF780}.Debug|Any CPU.ActiveCfg = Debug|Any CPU
		{B0BBD4CC-F61F-4DC8-A871-20B982BAF780}.Debug|Any CPU.Build.0 = Debug|Any CPU
		{B0BBD4CC-F61F-4DC8-A871-20B982BAF780}.Release|Any CPU.ActiveCfg = Release|Any CPU
		{B0BBD4CC-F61F-4DC8-A871-20B982BAF780}.Release|Any CPU.Build.0 = Release|Any CPU
		{372A0FAF-DB5C-443F-8F4F-1E9695A05CD9}.Debug|Any CPU.ActiveCfg = Debug|Any CPU
		{372A0FAF-DB5C-443F-8F4F-1E9695A05CD9}.Debug|Any CPU.Build.0 = Debug|Any CPU
		{372A0FAF-DB5C-443F-8F4F-1E9695A05CD9}.Release|Any CPU.ActiveCfg = Release|Any CPU
		{372A0FAF-DB5C-443F-8F4F-1E9695A05CD9}.Release|Any CPU.Build.0 = Release|Any CPU
		{0461BF3E-EB8A-4F64-852C-DD94CB5E360D}.Debug|Any CPU.ActiveCfg = Debug|Any CPU
		{0461BF3E-EB8A-4F64-852C-DD94CB5E360D}.Debug|Any CPU.Build.0 = Debug|Any CPU
		{0461BF3E-EB8A-4F64-852C-DD94CB5E360D}.Release|Any CPU.ActiveCfg = Release|Any CPU
		{0461BF3E-EB8A-4F64-852C-DD94CB5E360D}.Release|Any CPU.Build.0 = Release|Any CPU
		{E2ED3BFE-FEC9-4338-AFB1-EBDF69D1E655}.Debug|Any CPU.ActiveCfg = Debug|Any CPU
		{E2ED3BFE-FEC9-4338-AFB1-EBDF69D1E655}.Debug|Any CPU.Build.0 = Debug|Any CPU
		{E2ED3BFE-FEC9-4338-AFB1-EBDF69D1E655}.Release|Any CPU.ActiveCfg = Release|Any CPU
		{E2ED3BFE-FEC9-4338-AFB1-EBDF69D1E655}.Release|Any CPU.Build.0 = Release|Any CPU
		{A345B33D-31BA-4D17-80BF-7C2EA07D574B}.Debug|Any CPU.ActiveCfg = Debug|Any CPU
		{A345B33D-31BA-4D17-80BF-7C2EA07D574B}.Debug|Any CPU.Build.0 = Debug|Any CPU
		{A345B33D-31BA-4D17-80BF-7C2EA07D574B}.Release|Any CPU.ActiveCfg = Release|Any CPU
		{A345B33D-31BA-4D17-80BF-7C2EA07D574B}.Release|Any CPU.Build.0 = Release|Any CPU
		{67BD8926-7DBE-464E-8E1E-BD09A4060DCA}.Debug|Any CPU.ActiveCfg = Debug|Any CPU
		{67BD8926-7DBE-464E-8E1E-BD09A4060DCA}.Debug|Any CPU.Build.0 = Debug|Any CPU
		{67BD8926-7DBE-464E-8E1E-BD09A4060DCA}.Release|Any CPU.ActiveCfg = Release|Any CPU
		{67BD8926-7DBE-464E-8E1E-BD09A4060DCA}.Release|Any CPU.Build.0 = Release|Any CPU
		{2937048F-C947-4894-AB81-2DE3BB2889FF}.Debug|Any CPU.ActiveCfg = Debug|Any CPU
		{2937048F-C947-4894-AB81-2DE3BB2889FF}.Debug|Any CPU.Build.0 = Debug|Any CPU
		{2937048F-C947-4894-AB81-2DE3BB2889FF}.Release|Any CPU.ActiveCfg = Release|Any CPU
		{2937048F-C947-4894-AB81-2DE3BB2889FF}.Release|Any CPU.Build.0 = Release|Any CPU
		{4A788B15-B078-49C0-B165-3FCF342EC447}.Debug|Any CPU.ActiveCfg = Debug|Any CPU
		{4A788B15-B078-49C0-B165-3FCF342EC447}.Debug|Any CPU.Build.0 = Debug|Any CPU
		{4A788B15-B078-49C0-B165-3FCF342EC447}.Release|Any CPU.ActiveCfg = Release|Any CPU
		{4A788B15-B078-49C0-B165-3FCF342EC447}.Release|Any CPU.Build.0 = Release|Any CPU
		{D692E2D4-E294-4DE0-8A62-8201ED33AA46}.Debug|Any CPU.ActiveCfg = Debug|Any CPU
		{D692E2D4-E294-4DE0-8A62-8201ED33AA46}.Debug|Any CPU.Build.0 = Debug|Any CPU
		{D692E2D4-E294-4DE0-8A62-8201ED33AA46}.Release|Any CPU.ActiveCfg = Release|Any CPU
		{D692E2D4-E294-4DE0-8A62-8201ED33AA46}.Release|Any CPU.Build.0 = Release|Any CPU
		{CB49C093-CA12-4F42-B4E3-D31FAF74C0F7}.Debug|Any CPU.ActiveCfg = Debug|Any CPU
		{CB49C093-CA12-4F42-B4E3-D31FAF74C0F7}.Debug|Any CPU.Build.0 = Debug|Any CPU
		{CB49C093-CA12-4F42-B4E3-D31FAF74C0F7}.Release|Any CPU.ActiveCfg = Release|Any CPU
		{CB49C093-CA12-4F42-B4E3-D31FAF74C0F7}.Release|Any CPU.Build.0 = Release|Any CPU
	EndGlobalSection
	GlobalSection(SolutionProperties) = preSolution
		HideSolutionNode = FALSE
	EndGlobalSection
	GlobalSection(NestedProjects) = preSolution
		{B0BBD4CC-F61F-4DC8-A871-20B982BAF780} = {D0B58083-1A07-4B29-8EED-0E81F9B7611F}
		{372A0FAF-DB5C-443F-8F4F-1E9695A05CD9} = {D0B58083-1A07-4B29-8EED-0E81F9B7611F}
		{0461BF3E-EB8A-4F64-852C-DD94CB5E360D} = {D0B58083-1A07-4B29-8EED-0E81F9B7611F}
		{E2ED3BFE-FEC9-4338-AFB1-EBDF69D1E655} = {D0B58083-1A07-4B29-8EED-0E81F9B7611F}
		{A345B33D-31BA-4D17-80BF-7C2EA07D574B} = {D0B58083-1A07-4B29-8EED-0E81F9B7611F}
		{67BD8926-7DBE-464E-8E1E-BD09A4060DCA} = {D0B58083-1A07-4B29-8EED-0E81F9B7611F}
		{2937048F-C947-4894-AB81-2DE3BB2889FF} = {D0B58083-1A07-4B29-8EED-0E81F9B7611F}
		{4A788B15-B078-49C0-B165-3FCF342EC447} = {2DCC055B-E4DF-480C-9CBE-3634DA774CFF}
		{D692E2D4-E294-4DE0-8A62-8201ED33AA46} = {D0B58083-1A07-4B29-8EED-0E81F9B7611F}
		{CB49C093-CA12-4F42-B4E3-D31FAF74C0F7} = {D0B58083-1A07-4B29-8EED-0E81F9B7611F}
	EndGlobalSection
EndGlobal
